
Microsoft Visual Studio Solution File, Format Version 12.00
# Visual Studio 15
VisualStudioVersion = 15.0.28307.271
MinimumVisualStudioVersion = 10.0.40219.1
Project("{FAE04EC0-301F-11D3-BF4B-00C04F79EFBC}") = "NugetLibraryTest", "NugetLibraryTest\NugetLibraryTest.csproj", "{C796A937-6AF4-4D06-8A15-8CCFD64C77C3}"
EndProject
Global
	GlobalSection(SolutionConfigurationPlatforms) = preSolution
		Debug|Any CPU = Debug|Any CPU
		Release|Any CPU = Release|Any CPU
	EndGlobalSection
	GlobalSection(ProjectConfigurationPlatforms) = postSolution
		{C796A937-6AF4-4D06-8A15-8CCFD64C77C3}.Debug|Any CPU.ActiveCfg = Debug|Any CPU
		{C796A937-6AF4-4D06-8A15-8CCFD64C77C3}.Debug|Any CPU.Build.0 = Debug|Any CPU
		{C796A937-6AF4-4D06-8A15-8CCFD64C77C3}.Release|Any CPU.ActiveCfg = Release|Any CPU
		{C796A937-6AF4-4D06-8A15-8CCFD64C77C3}.Release|Any CPU.Build.0 = Release|Any CPU
	EndGlobalSection
	GlobalSection(SolutionProperties) = preSolution
		HideSolutionNode = FALSE
	EndGlobalSection
	GlobalSection(ExtensibilityGlobals) = postSolution
		SolutionGuid = {DEF5011D-401D-4C2E-9CAF-2C070C4D17AA}
	EndGlobalSection
EndGlobal
